// !$*UTF8*$!
{
	archiveVersion = 1;
	classes = {
	};
	objectVersion = 46;
	objects = {

/* Begin PBXBuildFile section */
		DA47594D15A15C9B00669C58 /* UIKit.framework in Frameworks */ = {isa = PBXBuildFile; fileRef = DA47594C15A15C9B00669C58 /* UIKit.framework */; };
		DA47594F15A15C9B00669C58 /* Foundation.framework in Frameworks */ = {isa = PBXBuildFile; fileRef = DA47594E15A15C9B00669C58 /* Foundation.framework */; };
		DA47595115A15C9B00669C58 /* CoreGraphics.framework in Frameworks */ = {isa = PBXBuildFile; fileRef = DA47595015A15C9B00669C58 /* CoreGraphics.framework */; };
		DA47595715A15C9B00669C58 /* InfoPlist.strings in Resources */ = {isa = PBXBuildFile; fileRef = DA47595515A15C9B00669C58 /* InfoPlist.strings */; };
		DA47595915A15C9B00669C58 /* main.m in Sources */ = {isa = PBXBuildFile; fileRef = DA47595815A15C9B00669C58 /* main.m */; };
		DA47595D15A15C9B00669C58 /* AppDelegate.m in Sources */ = {isa = PBXBuildFile; fileRef = DA47595C15A15C9B00669C58 /* AppDelegate.m */; };
		DA47596015A15C9B00669C58 /* ViewController.m in Sources */ = {isa = PBXBuildFile; fileRef = DA47595F15A15C9B00669C58 /* ViewController.m */; };
		DA47596315A15C9B00669C58 /* ViewController.xib in Resources */ = {isa = PBXBuildFile; fileRef = DA47596115A15C9B00669C58 /* ViewController.xib */; };
/* End PBXBuildFile section */

/* Begin PBXFileReference section */
		DA47594815A15C9B00669C58 /* HelloWorld.app */ = {isa = PBXFileReference; explicitFileType = wrapper.application; includeInIndex = 0; path = HelloWorld.app; sourceTree = BUILT_PRODUCTS_DIR; };
		DA47594C15A15C9B00669C58 /* UIKit.framework */ = {isa = PBXFileReference; lastKnownFileType = wrapper.framework; name = UIKit.framework; path = System/Library/Frameworks/UIKit.framework; sourceTree = SDKROOT; };
		DA47594E15A15C9B00669C58 /* Foundation.framework */ = {isa = PBXFileReference; lastKnownFileType = wrapper.framework; name = Foundation.framework; path = System/Library/Frameworks/Foundation.framework; sourceTree = SDKROOT; };
		DA47595015A15C9B00669C58 /* CoreGraphics.framework */ = {isa = PBXFileReference; lastKnownFileType = wrapper.framework; name = CoreGraphics.framework; path = System/Library/Frameworks/CoreGraphics.framework; sourceTree = SDKROOT; };
		DA47595415A15C9B00669C58 /* HelloWorld-Info.plist */ = {isa = PBXFileReference; path = "HelloWorld-Info.plist"; sourceTree = "<group>"; };
		DA47595615A15C9B00669C58 /* en */ = {isa = PBXFileReference; lastKnownFileType = text.plist.strings; name = en; path = en.lproj/InfoPlist.strings; sourceTree = "<group>"; };
		DA47595815A15C9B00669C58 /* main.m */ = {isa = PBXFileReference; lastKnownFileType = sourcecode.c.objc; path = main.m; sourceTree = "<group>"; };
		DA47595A15A15C9B00669C58 /* HelloWorld-Prefix.pch */ = {isa = PBXFileReference; path = "HelloWorld-Prefix.pch"; sourceTree = "<group>"; };
		DA47595B15A15C9B00669C58 /* AppDelegate.h */ = {isa = PBXFileReference; path = AppDelegate.h; sourceTree = "<group>"; };
		DA47595C15A15C9B00669C58 /* AppDelegate.m */ = {isa = PBXFileReference; lastKnownFileType = sourcecode.c.objc; path = AppDelegate.m; sourceTree = "<group>"; };
		DA47595E15A15C9B00669C58 /* ViewController.h */ = {isa = PBXFileReference; path = ViewController.h; sourceTree = "<group>"; };
		DA47595F15A15C9B00669C58 /* ViewController.m */ = {isa = PBXFileReference; lastKnownFileType = sourcecode.c.objc; path = ViewController.m; sourceTree = "<group>"; };
		DA47596215A15C9B00669C58 /* en */ = {isa = PBXFileReference; lastKnownFileType = file.xib; name = en; path = en.lproj/ViewController.xib; sourceTree = "<group>"; };
/* End PBXFileReference section */

/* Begin PBXFrameworksBuildPhase section */
		DA47594515A15C9B00669C58 /* Frameworks */ = {
			isa = PBXFrameworksBuildPhase;
			buildActionMask = 2147483647;
			files = (
				DA47594D15A15C9B00669C58 /* UIKit.framework in Frameworks */,
				DA47594F15A15C9B00669C58 /* Foundation.framework in Frameworks */,
				DA47595115A15C9B00669C58 /* CoreGraphics.framework in Frameworks */,
			);
			runOnlyForDeploymentPostprocessing = 0;
		};
/* End PBXFrameworksBuildPhase section */

/* Begin PBXGroup section */
		DA47593D15A15C9B00669C58 = {
			isa = PBXGroup;
			children = (
				DA47595215A15C9B00669C58 /* HelloWorld */,
				DA47594B15A15C9B00669C58 /* Frameworks */,
				DA47594915A15C9B00669C58 /* Products */,
			);
			sourceTree = "<group>";
		};
		DA47594915A15C9B00669C58 /* Products */ = {
			isa = PBXGroup;
			children = (
				DA47594815A15C9B00669C58 /* HelloWorld.app */,
			);
			name = Products;
			sourceTree = "<group>";
		};
		DA47594B15A15C9B00669C58 /* Frameworks */ = {
			isa = PBXGroup;
			children = (
				DA47594C15A15C9B00669C58 /* UIKit.framework */,
				DA47594E15A15C9B00669C58 /* Foundation.framework */,
				DA47595015A15C9B00669C58 /* CoreGraphics.framework */,
			);
			name = Frameworks;
			sourceTree = "<group>";
		};
		DA47595215A15C9B00669C58 /* HelloWorld */ = {
			isa = PBXGroup;
			children = (
				DA47595B15A15C9B00669C58 /* AppDelegate.h */,
				DA47595C15A15C9B00669C58 /* AppDelegate.m */,
				DA47595E15A15C9B00669C58 /* ViewController.h */,
				DA47595F15A15C9B00669C58 /* ViewController.m */,
				DA47596115A15C9B00669C58 /* ViewController.xib */,
				DA47595315A15C9B00669C58 /* Supporting Files */,
			);
			path = HelloWorld;
			sourceTree = "<group>";
		};
		DA47595315A15C9B00669C58 /* Supporting Files */ = {
			isa = PBXGroup;
			children = (
				DA47595415A15C9B00669C58 /* HelloWorld-Info.plist */,
				DA47595515A15C9B00669C58 /* InfoPlist.strings */,
				DA47595815A15C9B00669C58 /* main.m */,
				DA47595A15A15C9B00669C58 /* HelloWorld-Prefix.pch */,
			);
			name = "Supporting Files";
			sourceTree = "<group>";
		};
/* End PBXGroup section */

/* Begin PBXNativeTarget section */
		DA47594715A15C9B00669C58 /* HelloWorld */ = {
			isa = PBXNativeTarget;
			buildConfigurationList = DA47596615A15C9B00669C58 /* Build configuration list for PBXNativeTarget "HelloWorld" */;
			buildPhases = (
				DA47594415A15C9B00669C58 /* Sources */,
				DA47594515A15C9B00669C58 /* Frameworks */,
				DA47594615A15C9B00669C58 /* Resources */,
			);
			buildRules = (
			);
			dependencies = (
			);
			name = HelloWorld;
			productName = HelloWorld;
			productReference = DA47594815A15C9B00669C58 /* HelloWorld.app */;
			productType = "com.apple.product-type.application";
		};
/* End PBXNativeTarget section */

/* Begin PBXProject section */
		DA47593F15A15C9B00669C58 /* Project object */ = {
			isa = PBXProject;
			attributes = {
				LastUpgradeCheck = 0430;
			};
			buildConfigurationList = DA47594215A15C9B00669C58 /* Build configuration list for PBXProject "HelloWorld" */;
			compatibilityVersion = "Xcode 3.2";
			developmentRegion = English;
			hasScannedForEncodings = 0;
			knownRegions = (
				en,
			);
			mainGroup = DA47593D15A15C9B00669C58;
			productRefGroup = DA47594915A15C9B00669C58 /* Products */;
			projectDirPath = "";
			projectRoot = "";
			targets = (
				DA47594715A15C9B00669C58 /* HelloWorld */,
			);
		};
/* End PBXProject section */

/* Begin PBXResourcesBuildPhase section */
		DA47594615A15C9B00669C58 /* Resources */ = {
			isa = PBXResourcesBuildPhase;
			buildActionMask = 2147483647;
			files = (
				DA47595715A15C9B00669C58 /* InfoPlist.strings in Resources */,
				DA47596315A15C9B00669C58 /* ViewController.xib in Resources */,
			);
			runOnlyForDeploymentPostprocessing = 0;
		};
/* End PBXResourcesBuildPhase section */

/* Begin PBXSourcesBuildPhase section */
		DA47594415A15C9B00669C58 /* Sources */ = {
			isa = PBXSourcesBuildPhase;
			buildActionMask = 2147483647;
			files = (
				DA47595915A15C9B00669C58 /* main.m in Sources */,
				DA47595D15A15C9B00669C58 /* AppDelegate.m in Sources */,
				DA47596015A15C9B00669C58 /* ViewController.m in Sources */,
			);
			runOnlyForDeploymentPostprocessing = 0;
		};
/* End PBXSourcesBuildPhase section */

/* Begin PBXVariantGroup section */
		DA47595515A15C9B00669C58 /* InfoPlist.strings */ = {
			isa = PBXVariantGroup;
			children = (
				DA47595615A15C9B00669C58 /* en */,
			);
			name = InfoPlist.strings;
			sourceTree = "<group>";
		};
		DA47596115A15C9B00669C58 /* ViewController.xib */ = {
			isa = PBXVariantGroup;
			children = (
				DA47596215A15C9B00669C58 /* en */,
			);
			name = ViewController.xib;
			sourceTree = "<group>";
		};
/* End PBXVariantGroup section */

/* Begin XCBuildConfiguration section */
		DA47596415A15C9B00669C58 /* Debug */ = {
			isa = XCBuildConfiguration;
			buildSettings = {
				ALWAYS_SEARCH_USER_PATHS = NO;
				ARCHS = "$(ARCHS_STANDARD_32_BIT)";
				CLANG_ENABLE_OBJC_ARC = YES;
				"CODE_SIGN_IDENTITY[sdk=iphoneos*]" = "iPhone Developer";
				COPY_PHASE_STRIP = NO;
				GCC_C_LANGUAGE_STANDARD = gnu99;
				GCC_DYNAMIC_NO_PIC = NO;
				GCC_OPTIMIZATION_LEVEL = 0;
				GCC_PREPROCESSOR_DEFINITIONS = (
					"DEBUG=1",
					"$(inherited)",
				);
				GCC_SYMBOLS_PRIVATE_EXTERN = NO;
				GCC_VERSION = com.apple.compilers.llvm.clang.1_0;
				GCC_WARN_ABOUT_RETURN_TYPE = YES;
				GCC_WARN_UNINITIALIZED_AUTOS = YES;
				GCC_WARN_UNUSED_VARIABLE = YES;
				IPHONEOS_DEPLOYMENT_TARGET = 5.1;
				SDKROOT = iphoneos;
			};
			name = Debug;
		};
		DA47596515A15C9B00669C58 /* Release */ = {
			isa = XCBuildConfiguration;
			buildSettings = {
				ALWAYS_SEARCH_USER_PATHS = NO;
				ARCHS = "$(ARCHS_STANDARD_32_BIT)";
				CLANG_ENABLE_OBJC_ARC = YES;
				"CODE_SIGN_IDENTITY[sdk=iphoneos*]" = "iPhone Developer";
				COPY_PHASE_STRIP = YES;
				GCC_C_LANGUAGE_STANDARD = gnu99;
				GCC_VERSION = com.apple.compilers.llvm.clang.1_0;
				GCC_WARN_ABOUT_RETURN_TYPE = YES;
				GCC_WARN_UNINITIALIZED_AUTOS = YES;
				GCC_WARN_UNUSED_VARIABLE = YES;
				IPHONEOS_DEPLOYMENT_TARGET = 5.1;
				OTHER_CFLAGS = "-DNS_BLOCK_ASSERTIONS=1";
				SDKROOT = iphoneos;
				VALIDATE_PRODUCT = YES;
			};
			name = Release;
		};
		DA47596715A15C9B00669C58 /* Debug */ = {
			isa = XCBuildConfiguration;
			buildSettings = {
				GCC_PRECOMPILE_PREFIX_HEADER = YES;
				GCC_PREFIX_HEADER = "HelloWorld/HelloWorld-Prefix.pch";
				INFOPLIST_FILE = "HelloWorld/HelloWorld-Info.plist";
				PRODUCT_NAME = "$(TARGET_NAME)";
				WRAPPER_EXTENSION = app;
			};
			name = Debug;
		};
		DA47596815A15C9B00669C58 /* Release */ = {
			isa = XCBuildConfiguration;
			buildSettings = {
				GCC_PRECOMPILE_PREFIX_HEADER = YES;
				GCC_PREFIX_HEADER = "HelloWorld/HelloWorld-Prefix.pch";
				INFOPLIST_FILE = "HelloWorld/HelloWorld-Info.plist";
				PRODUCT_NAME = "$(TARGET_NAME)";
				WRAPPER_EXTENSION = app;
			};
			name = Release;
		};
/* End XCBuildConfiguration section */

/* Begin XCConfigurationList section */
		DA47594215A15C9B00669C58 /* Build configuration list for PBXProject "HelloWorld" */ = {
			isa = XCConfigurationList;
			buildConfigurations = (
				DA47596415A15C9B00669C58 /* Debug */,
				DA47596515A15C9B00669C58 /* Release */,
			);
			defaultConfigurationIsVisible = 0;
			defaultConfigurationName = Release;
		};
		DA47596615A15C9B00669C58 /* Build configuration list for PBXNativeTarget "HelloWorld" */ = {
			isa = XCConfigurationList;
			buildConfigurations = (
				DA47596715A15C9B00669C58 /* Debug */,
				DA47596815A15C9B00669C58 /* Release */,
			);
			defaultConfigurationIsVisible = 0;
		};
/* End XCConfigurationList section */
	};
	rootObject = DA47593F15A15C9B00669C58 /* Project object */;
}
